
Microsoft Visual Studio Solution File, Format Version 12.00
# Visual Studio Version 16
VisualStudioVersion = 16.0.30330.147
MinimumVisualStudioVersion = 10.0.40219.1
Project("{8BC9CEB8-8B4A-11D0-8D11-00A0C91BC942}") = "IntergerConstant", "IntergerConstant\IntergerConstant.vcxproj", "{38AA2742-3B8F-4930-9620-01AC1DD09E50}"
EndProject
Global
	GlobalSection(SolutionConfigurationPlatforms) = preSolution
		Debug|x64 = Debug|x64
		Debug|x86 = Debug|x86
		Release|x64 = Release|x64
		Release|x86 = Release|x86
	EndGlobalSection
	GlobalSection(ProjectConfigurationPlatforms) = postSolution
		{38AA2742-3B8F-4930-9620-01AC1DD09E50}.Debug|x64.ActiveCfg = Debug|x64
		{38AA2742-3B8F-4930-9620-01AC1DD09E50}.Debug|x64.Build.0 = Debug|x64
		{38AA2742-3B8F-4930-9620-01AC1DD09E50}.Debug|x86.ActiveCfg = Debug|Win32
		{38AA2742-3B8F-4930-9620-01AC1DD09E50}.Debug|x86.Build.0 = Debug|Win32
		{38AA2742-3B8F-4930-9620-01AC1DD09E50}.Release|x64.ActiveCfg = Release|x64
		{38AA2742-3B8F-4930-9620-01AC1DD09E50}.Release|x64.Build.0 = Release|x64
		{38AA2742-3B8F-4930-9620-01AC1DD09E50}.Release|x86.ActiveCfg = Release|Win32
		{38AA2742-3B8F-4930-9620-01AC1DD09E50}.Release|x86.Build.0 = Release|Win32
	EndGlobalSection
	GlobalSection(SolutionProperties) = preSolution
		HideSolutionNode = FALSE
	EndGlobalSection
	GlobalSection(ExtensibilityGlobals) = postSolution
		SolutionGuid = {21AB30BB-7CDF-4AE6-9135-8B9C2925CA19}
	EndGlobalSection
EndGlobal
